// !$*UTF8*$!
{
	archiveVersion = 1;
	classes = {
	};
	objectVersion = 56;
	objects = {

/* Begin PBXBuildFile section */
		1AAFD7B92B621E1300938F9B /* foreagleApp.swift in Sources */ = {isa = PBXBuildFile; fileRef = 1AAFD7B82B621E1300938F9B /* foreagleApp.swift */; };
		1AAFD7BB2B621E1300938F9B /* ContentView.swift in Sources */ = {isa = PBXBuildFile; fileRef = 1AAFD7BA2B621E1300938F9B /* ContentView.swift */; };
		1AAFD7BF2B621E1400938F9B /* Assets.xcassets in Resources */ = {isa = PBXBuildFile; fileRef = 1AAFD7BE2B621E1400938F9B /* Assets.xcassets */; };
		1AAFD7C32B621E1400938F9B /* Preview Assets.xcassets in Resources */ = {isa = PBXBuildFile; fileRef = 1AAFD7C22B621E1400938F9B /* Preview Assets.xcassets */; };
		1AAFD7CD2B621E1500938F9B /* foreagleTests.swift in Sources */ = {isa = PBXBuildFile; fileRef = 1AAFD7CC2B621E1500938F9B /* foreagleTests.swift */; };
		1AAFD7D72B621E1500938F9B /* foreagleUITests.swift in Sources */ = {isa = PBXBuildFile; fileRef = 1AAFD7D62B621E1500938F9B /* foreagleUITests.swift */; };
		1AAFD7D92B621E1500938F9B /* foreagleUITestsLaunchTests.swift in Sources */ = {isa = PBXBuildFile; fileRef = 1AAFD7D82B621E1500938F9B /* foreagleUITestsLaunchTests.swift */; };
		1AAFD7E62B621EA500938F9B /* golfer.swift in Sources */ = {isa = PBXBuildFile; fileRef = 1AAFD7E52B621EA500938F9B /* golfer.swift */; };
		1AAFD7E82B621EFB00938F9B /* game.swift in Sources */ = {isa = PBXBuildFile; fileRef = 1AAFD7E72B621EFB00938F9B /* game.swift */; };
		1AAFD7EC2B654EA000938F9B /* assistedUI.swift in Sources */ = {isa = PBXBuildFile; fileRef = 1AAFD7EB2B654EA000938F9B /* assistedUI.swift */; };
		1AAFD7EE2B65568800938F9B /* edit golfer view.swift in Sources */ = {isa = PBXBuildFile; fileRef = 1AAFD7ED2B65568800938F9B /* edit golfer view.swift */; };
/* End PBXBuildFile section */

/* Begin PBXContainerItemProxy section */
		1AAFD7C92B621E1500938F9B /* PBXContainerItemProxy */ = {
			isa = PBXContainerItemProxy;
			containerPortal = 1AAFD7AD2B621E1300938F9B /* Project object */;
			proxyType = 1;
			remoteGlobalIDString = 1AAFD7B42B621E1300938F9B;
			remoteInfo = foreagle;
		};
		1AAFD7D32B621E1500938F9B /* PBXContainerItemProxy */ = {
			isa = PBXContainerItemProxy;
			containerPortal = 1AAFD7AD2B621E1300938F9B /* Project object */;
			proxyType = 1;
			remoteGlobalIDString = 1AAFD7B42B621E1300938F9B;
			remoteInfo = foreagle;
		};
/* End PBXContainerItemProxy section */

/* Begin PBXFileReference section */
		1AAFD7B52B621E1300938F9B /* foreagle.app */ = {isa = PBXFileReference; explicitFileType = wrapper.application; includeInIndex = 0; path = foreagle.app; sourceTree = BUILT_PRODUCTS_DIR; };
		1AAFD7B82B621E1300938F9B /* foreagleApp.swift */ = {isa = PBXFileReference; lastKnownFileType = sourcecode.swift; path = foreagleApp.swift; sourceTree = "<group>"; };
		1AAFD7BA2B621E1300938F9B /* ContentView.swift */ = {isa = PBXFileReference; lastKnownFileType = sourcecode.swift; path = ContentView.swift; sourceTree = "<group>"; };
		1AAFD7BE2B621E1400938F9B /* Assets.xcassets */ = {isa = PBXFileReference; lastKnownFileType = folder.assetcatalog; path = Assets.xcassets; sourceTree = "<group>"; };
		1AAFD7C02B621E1400938F9B /* foreagle.entitlements */ = {isa = PBXFileReference; lastKnownFileType = text.plist.entitlements; path = foreagle.entitlements; sourceTree = "<group>"; };
		1AAFD7C22B621E1400938F9B /* Preview Assets.xcassets */ = {isa = PBXFileReference; lastKnownFileType = folder.assetcatalog; path = "Preview Assets.xcassets"; sourceTree = "<group>"; };
		1AAFD7C82B621E1500938F9B /* foreagleTests.xctest */ = {isa = PBXFileReference; explicitFileType = wrapper.cfbundle; includeInIndex = 0; path = foreagleTests.xctest; sourceTree = BUILT_PRODUCTS_DIR; };
		1AAFD7CC2B621E1500938F9B /* foreagleTests.swift */ = {isa = PBXFileReference; lastKnownFileType = sourcecode.swift; path = foreagleTests.swift; sourceTree = "<group>"; };
		1AAFD7D22B621E1500938F9B /* foreagleUITests.xctest */ = {isa = PBXFileReference; explicitFileType = wrapper.cfbundle; includeInIndex = 0; path = foreagleUITests.xctest; sourceTree = BUILT_PRODUCTS_DIR; };
		1AAFD7D62B621E1500938F9B /* foreagleUITests.swift */ = {isa = PBXFileReference; lastKnownFileType = sourcecode.swift; path = foreagleUITests.swift; sourceTree = "<group>"; };
		1AAFD7D82B621E1500938F9B /* foreagleUITestsLaunchTests.swift */ = {isa = PBXFileReference; lastKnownFileType = sourcecode.swift; path = foreagleUITestsLaunchTests.swift; sourceTree = "<group>"; };
		1AAFD7E52B621EA500938F9B /* golfer.swift */ = {isa = PBXFileReference; lastKnownFileType = sourcecode.swift; path = golfer.swift; sourceTree = "<group>"; };
		1AAFD7E72B621EFB00938F9B /* game.swift */ = {isa = PBXFileReference; lastKnownFileType = sourcecode.swift; path = game.swift; sourceTree = "<group>"; };
		1AAFD7EB2B654EA000938F9B /* assistedUI.swift */ = {isa = PBXFileReference; lastKnownFileType = sourcecode.swift; path = assistedUI.swift; sourceTree = "<group>"; };
		1AAFD7ED2B65568800938F9B /* edit golfer view.swift */ = {isa = PBXFileReference; lastKnownFileType = sourcecode.swift; path = "edit golfer view.swift"; sourceTree = "<group>"; };
/* End PBXFileReference section */

/* Begin PBXFrameworksBuildPhase section */
		1AAFD7B22B621E1300938F9B /* Frameworks */ = {
			isa = PBXFrameworksBuildPhase;
			buildActionMask = 2147483647;
			files = (
			);
			runOnlyForDeploymentPostprocessing = 0;
		};
		1AAFD7C52B621E1500938F9B /* Frameworks */ = {
			isa = PBXFrameworksBuildPhase;
			buildActionMask = 2147483647;
			files = (
			);
			runOnlyForDeploymentPostprocessing = 0;
		};
		1AAFD7CF2B621E1500938F9B /* Frameworks */ = {
			isa = PBXFrameworksBuildPhase;
			buildActionMask = 2147483647;
			files = (
			);
			runOnlyForDeploymentPostprocessing = 0;
		};
/* End PBXFrameworksBuildPhase section */

/* Begin PBXGroup section */
		1AAFD7AC2B621E1300938F9B = {
			isa = PBXGroup;
			children = (
				1AAFD7B72B621E1300938F9B /* foreagle */,
				1AAFD7CB2B621E1500938F9B /* foreagleTests */,
				1AAFD7D52B621E1500938F9B /* foreagleUITests */,
				1AAFD7B62B621E1300938F9B /* Products */,
			);
			sourceTree = "<group>";
		};
		1AAFD7B62B621E1300938F9B /* Products */ = {
			isa = PBXGroup;
			children = (
				1AAFD7B52B621E1300938F9B /* foreagle.app */,
				1AAFD7C82B621E1500938F9B /* foreagleTests.xctest */,
				1AAFD7D22B621E1500938F9B /* foreagleUITests.xctest */,
			);
			name = Products;
			sourceTree = "<group>";
		};
		1AAFD7B72B621E1300938F9B /* foreagle */ = {
			isa = PBXGroup;
			children = (
				1AAFD7B82B621E1300938F9B /* foreagleApp.swift */,
				1AAFD7BA2B621E1300938F9B /* ContentView.swift */,
				1AAFD7EB2B654EA000938F9B /* assistedUI.swift */,
				1AAFD7ED2B65568800938F9B /* edit golfer view.swift */,
				1AAFD7E72B621EFB00938F9B /* game.swift */,
				1AAFD7E52B621EA500938F9B /* golfer.swift */,
				1AAFD7BE2B621E1400938F9B /* Assets.xcassets */,
				1AAFD7C02B621E1400938F9B /* foreagle.entitlements */,
				1AAFD7C12B621E1400938F9B /* Preview Content */,
			);
			path = foreagle;
			sourceTree = "<group>";
		};
		1AAFD7C12B621E1400938F9B /* Preview Content */ = {
			isa = PBXGroup;
			children = (
				1AAFD7C22B621E1400938F9B /* Preview Assets.xcassets */,
			);
			path = "Preview Content";
			sourceTree = "<group>";
		};
		1AAFD7CB2B621E1500938F9B /* foreagleTests */ = {
			isa = PBXGroup;
			children = (
				1AAFD7CC2B621E1500938F9B /* foreagleTests.swift */,
			);
			path = foreagleTests;
			sourceTree = "<group>";
		};
		1AAFD7D52B621E1500938F9B /* foreagleUITests */ = {
			isa = PBXGroup;
			children = (
				1AAFD7D62B621E1500938F9B /* foreagleUITests.swift */,
				1AAFD7D82B621E1500938F9B /* foreagleUITestsLaunchTests.swift */,
			);
			path = foreagleUITests;
			sourceTree = "<group>";
		};
/* End PBXGroup section */

/* Begin PBXNativeTarget section */
		1AAFD7B42B621E1300938F9B /* foreagle */ = {
			isa = PBXNativeTarget;
			buildConfigurationList = 1AAFD7DC2B621E1500938F9B /* Build configuration list for PBXNativeTarget "foreagle" */;
			buildPhases = (
				1AAFD7B12B621E1300938F9B /* Sources */,
				1AAFD7B22B621E1300938F9B /* Frameworks */,
				1AAFD7B32B621E1300938F9B /* Resources */,
			);
			buildRules = (
			);
			dependencies = (
			);
			name = foreagle;
			productName = foreagle;
			productReference = 1AAFD7B52B621E1300938F9B /* foreagle.app */;
			productType = "com.apple.product-type.application";
		};
		1AAFD7C72B621E1500938F9B /* foreagleTests */ = {
			isa = PBXNativeTarget;
			buildConfigurationList = 1AAFD7DF2B621E1500938F9B /* Build configuration list for PBXNativeTarget "foreagleTests" */;
			buildPhases = (
				1AAFD7C42B621E1500938F9B /* Sources */,
				1AAFD7C52B621E1500938F9B /* Frameworks */,
				1AAFD7C62B621E1500938F9B /* Resources */,
			);
			buildRules = (
			);
			dependencies = (
				1AAFD7CA2B621E1500938F9B /* PBXTargetDependency */,
			);
			name = foreagleTests;
			productName = foreagleTests;
			productReference = 1AAFD7C82B621E1500938F9B /* foreagleTests.xctest */;
			productType = "com.apple.product-type.bundle.unit-test";
		};
		1AAFD7D12B621E1500938F9B /* foreagleUITests */ = {
			isa = PBXNativeTarget;
			buildConfigurationList = 1AAFD7E22B621E1500938F9B /* Build configuration list for PBXNativeTarget "foreagleUITests" */;
			buildPhases = (
				1AAFD7CE2B621E1500938F9B /* Sources */,
				1AAFD7CF2B621E1500938F9B /* Frameworks */,
				1AAFD7D02B621E1500938F9B /* Resources */,
			);
			buildRules = (
			);
			dependencies = (
				1AAFD7D42B621E1500938F9B /* PBXTargetDependency */,
			);
			name = foreagleUITests;
			productName = foreagleUITests;
			productReference = 1AAFD7D22B621E1500938F9B /* foreagleUITests.xctest */;
			productType = "com.apple.product-type.bundle.ui-testing";
		};
/* End PBXNativeTarget section */

/* Begin PBXProject section */
		1AAFD7AD2B621E1300938F9B /* Project object */ = {
			isa = PBXProject;
			attributes = {
				BuildIndependentTargetsInParallel = 1;
				LastSwiftUpdateCheck = 1520;
				LastUpgradeCheck = 1520;
				TargetAttributes = {
					1AAFD7B42B621E1300938F9B = {
						CreatedOnToolsVersion = 15.2;
					};
					1AAFD7C72B621E1500938F9B = {
						CreatedOnToolsVersion = 15.2;
						TestTargetID = 1AAFD7B42B621E1300938F9B;
					};
					1AAFD7D12B621E1500938F9B = {
						CreatedOnToolsVersion = 15.2;
						TestTargetID = 1AAFD7B42B621E1300938F9B;
					};
				};
			};
			buildConfigurationList = 1AAFD7B02B621E1300938F9B /* Build configuration list for PBXProject "foreagle" */;
			compatibilityVersion = "Xcode 14.0";
			developmentRegion = en;
			hasScannedForEncodings = 0;
			knownRegions = (
				en,
				Base,
			);
			mainGroup = 1AAFD7AC2B621E1300938F9B;
			productRefGroup = 1AAFD7B62B621E1300938F9B /* Products */;
			projectDirPath = "";
			projectRoot = "";
			targets = (
				1AAFD7B42B621E1300938F9B /* foreagle */,
				1AAFD7C72B621E1500938F9B /* foreagleTests */,
				1AAFD7D12B621E1500938F9B /* foreagleUITests */,
			);
		};
/* End PBXProject section */

/* Begin PBXResourcesBuildPhase section */
		1AAFD7B32B621E1300938F9B /* Resources */ = {
			isa = PBXResourcesBuildPhase;
			buildActionMask = 2147483647;
			files = (
				1AAFD7C32B621E1400938F9B /* Preview Assets.xcassets in Resources */,
				1AAFD7BF2B621E1400938F9B /* Assets.xcassets in Resources */,
			);
			runOnlyForDeploymentPostprocessing = 0;
		};
		1AAFD7C62B621E1500938F9B /* Resources */ = {
			isa = PBXResourcesBuildPhase;
			buildActionMask = 2147483647;
			files = (
			);
			runOnlyForDeploymentPostprocessing = 0;
		};
		1AAFD7D02B621E1500938F9B /* Resources */ = {
			isa = PBXResourcesBuildPhase;
			buildActionMask = 2147483647;
			files = (
			);
			runOnlyForDeploymentPostprocessing = 0;
		};
/* End PBXResourcesBuildPhase section */

/* Begin PBXSourcesBuildPhase section */
		1AAFD7B12B621E1300938F9B /* Sources */ = {
			isa = PBXSourcesBuildPhase;
			buildActionMask = 2147483647;
			files = (
				1AAFD7BB2B621E1300938F9B /* ContentView.swift in Sources */,
				1AAFD7EE2B65568800938F9B /* edit golfer view.swift in Sources */,
				1AAFD7E82B621EFB00938F9B /* game.swift in Sources */,
				1AAFD7EC2B654EA000938F9B /* assistedUI.swift in Sources */,
				1AAFD7E62B621EA500938F9B /* golfer.swift in Sources */,
				1AAFD7B92B621E1300938F9B /* foreagleApp.swift in Sources */,
			);
			runOnlyForDeploymentPostprocessing = 0;
		};
		1AAFD7C42B621E1500938F9B /* Sources */ = {
			isa = PBXSourcesBuildPhase;
			buildActionMask = 2147483647;
			files = (
				1AAFD7CD2B621E1500938F9B /* foreagleTests.swift in Sources */,
			);
			runOnlyForDeploymentPostprocessing = 0;
		};
		1AAFD7CE2B621E1500938F9B /* Sources */ = {
			isa = PBXSourcesBuildPhase;
			buildActionMask = 2147483647;
			files = (
				1AAFD7D92B621E1500938F9B /* foreagleUITestsLaunchTests.swift in Sources */,
				1AAFD7D72B621E1500938F9B /* foreagleUITests.swift in Sources */,
			);
			runOnlyForDeploymentPostprocessing = 0;
		};
/* End PBXSourcesBuildPhase section */

/* Begin PBXTargetDependency section */
		1AAFD7CA2B621E1500938F9B /* PBXTargetDependency */ = {
			isa = PBXTargetDependency;
			target = 1AAFD7B42B621E1300938F9B /* foreagle */;
			targetProxy = 1AAFD7C92B621E1500938F9B /* PBXContainerItemProxy */;
		};
		1AAFD7D42B621E1500938F9B /* PBXTargetDependency */ = {
			isa = PBXTargetDependency;
			target = 1AAFD7B42B621E1300938F9B /* foreagle */;
			targetProxy = 1AAFD7D32B621E1500938F9B /* PBXContainerItemProxy */;
		};
/* End PBXTargetDependency section */

/* Begin XCBuildConfiguration section */
		1AAFD7DA2B621E1500938F9B /* Debug */ = {
			isa = XCBuildConfiguration;
			buildSettings = {
				ALWAYS_SEARCH_USER_PATHS = NO;
				ASSETCATALOG_COMPILER_GENERATE_SWIFT_ASSET_SYMBOL_EXTENSIONS = YES;
				CLANG_ANALYZER_NONNULL = YES;
				CLANG_ANALYZER_NUMBER_OBJECT_CONVERSION = YES_AGGRESSIVE;
				CLANG_CXX_LANGUAGE_STANDARD = "gnu++20";
				CLANG_ENABLE_MODULES = YES;
				CLANG_ENABLE_OBJC_ARC = YES;
				CLANG_ENABLE_OBJC_WEAK = YES;
				CLANG_WARN_BLOCK_CAPTURE_AUTORELEASING = YES;
				CLANG_WARN_BOOL_CONVERSION = YES;
				CLANG_WARN_COMMA = YES;
				CLANG_WARN_CONSTANT_CONVERSION = YES;
				CLANG_WARN_DEPRECATED_OBJC_IMPLEMENTATIONS = YES;
				CLANG_WARN_DIRECT_OBJC_ISA_USAGE = YES_ERROR;
				CLANG_WARN_DOCUMENTATION_COMMENTS = YES;
				CLANG_WARN_EMPTY_BODY = YES;
				CLANG_WARN_ENUM_CONVERSION = YES;
				CLANG_WARN_INFINITE_RECURSION = YES;
				CLANG_WARN_INT_CONVERSION = YES;
				CLANG_WARN_NON_LITERAL_NULL_CONVERSION = YES;
				CLANG_WARN_OBJC_IMPLICIT_RETAIN_SELF = YES;
				CLANG_WARN_OBJC_LITERAL_CONVERSION = YES;
				CLANG_WARN_OBJC_ROOT_CLASS = YES_ERROR;
				CLANG_WARN_QUOTED_INCLUDE_IN_FRAMEWORK_HEADER = YES;
				CLANG_WARN_RANGE_LOOP_ANALYSIS = YES;
				CLANG_WARN_STRICT_PROTOTYPES = YES;
				CLANG_WARN_SUSPICIOUS_MOVE = YES;
				CLANG_WARN_UNGUARDED_AVAILABILITY = YES_AGGRESSIVE;
				CLANG_WARN_UNREACHABLE_CODE = YES;
				CLANG_WARN__DUPLICATE_METHOD_MATCH = YES;
				COPY_PHASE_STRIP = NO;
				DEBUG_INFORMATION_FORMAT = dwarf;
				ENABLE_STRICT_OBJC_MSGSEND = YES;
				ENABLE_TESTABILITY = YES;
				ENABLE_USER_SCRIPT_SANDBOXING = YES;
				GCC_C_LANGUAGE_STANDARD = gnu17;
				GCC_DYNAMIC_NO_PIC = NO;
				GCC_NO_COMMON_BLOCKS = YES;
				GCC_OPTIMIZATION_LEVEL = 0;
				GCC_PREPROCESSOR_DEFINITIONS = (
					"DEBUG=1",
					"$(inherited)",
				);
				GCC_WARN_64_TO_32_BIT_CONVERSION = YES;
				GCC_WARN_ABOUT_RETURN_TYPE = YES_ERROR;
				GCC_WARN_UNDECLARED_SELECTOR = YES;
				GCC_WARN_UNINITIALIZED_AUTOS = YES_AGGRESSIVE;
				GCC_WARN_UNUSED_FUNCTION = YES;
				GCC_WARN_UNUSED_VARIABLE = YES;
				LOCALIZATION_PREFERS_STRING_CATALOGS = YES;
				MTL_ENABLE_DEBUG_INFO = INCLUDE_SOURCE;
				MTL_FAST_MATH = YES;
				ONLY_ACTIVE_ARCH = YES;
				SWIFT_ACTIVE_COMPILATION_CONDITIONS = "DEBUG $(inherited)";
				SWIFT_OPTIMIZATION_LEVEL = "-Onone";
			};
			name = Debug;
		};
		1AAFD7DB2B621E1500938F9B /* Release */ = {
			isa = XCBuildConfiguration;
			buildSettings = {
				ALWAYS_SEARCH_USER_PATHS = NO;
				ASSETCATALOG_COMPILER_GENERATE_SWIFT_ASSET_SYMBOL_EXTENSIONS = YES;
				CLANG_ANALYZER_NONNULL = YES;
				CLANG_ANALYZER_NUMBER_OBJECT_CONVERSION = YES_AGGRESSIVE;
				CLANG_CXX_LANGUAGE_STANDARD = "gnu++20";
				CLANG_ENABLE_MODULES = YES;
				CLANG_ENABLE_OBJC_ARC = YES;
				CLANG_ENABLE_OBJC_WEAK = YES;
				CLANG_WARN_BLOCK_CAPTURE_AUTORELEASING = YES;
				CLANG_WARN_BOOL_CONVERSION = YES;
				CLANG_WARN_COMMA = YES;
				CLANG_WARN_CONSTANT_CONVERSION = YES;
				CLANG_WARN_DEPRECATED_OBJC_IMPLEMENTATIONS = YES;
				CLANG_WARN_DIRECT_OBJC_ISA_USAGE = YES_ERROR;
				CLANG_WARN_DOCUMENTATION_COMMENTS = YES;
				CLANG_WARN_EMPTY_BODY = YES;
				CLANG_WARN_ENUM_CONVERSION = YES;
				CLANG_WARN_INFINITE_RECURSION = YES;
				CLANG_WARN_INT_CONVERSION = YES;
				CLANG_WARN_NON_LITERAL_NULL_CONVERSION = YES;
				CLANG_WARN_OBJC_IMPLICIT_RETAIN_SELF = YES;
				CLANG_WARN_OBJC_LITERAL_CONVERSION = YES;
				CLANG_WARN_OBJC_ROOT_CLASS = YES_ERROR;
				CLANG_WARN_QUOTED_INCLUDE_IN_FRAMEWORK_HEADER = YES;
				CLANG_WARN_RANGE_LOOP_ANALYSIS = YES;
				CLANG_WARN_STRICT_PROTOTYPES = YES;
				CLANG_WARN_SUSPICIOUS_MOVE = YES;
				CLANG_WARN_UNGUARDED_AVAILABILITY = YES_AGGRESSIVE;
				CLANG_WARN_UNREACHABLE_CODE = YES;
				CLANG_WARN__DUPLICATE_METHOD_MATCH = YES;
				COPY_PHASE_STRIP = NO;
				DEBUG_INFORMATION_FORMAT = "dwarf-with-dsym";
				ENABLE_NS_ASSERTIONS = NO;
				ENABLE_STRICT_OBJC_MSGSEND = YES;
				ENABLE_USER_SCRIPT_SANDBOXING = YES;
				GCC_C_LANGUAGE_STANDARD = gnu17;
				GCC_NO_COMMON_BLOCKS = YES;
				GCC_WARN_64_TO_32_BIT_CONVERSION = YES;
				GCC_WARN_ABOUT_RETURN_TYPE = YES_ERROR;
				GCC_WARN_UNDECLARED_SELECTOR = YES;
				GCC_WARN_UNINITIALIZED_AUTOS = YES_AGGRESSIVE;
				GCC_WARN_UNUSED_FUNCTION = YES;
				GCC_WARN_UNUSED_VARIABLE = YES;
				LOCALIZATION_PREFERS_STRING_CATALOGS = YES;
				MTL_ENABLE_DEBUG_INFO = NO;
				MTL_FAST_MATH = YES;
				SWIFT_COMPILATION_MODE = wholemodule;
			};
			name = Release;
		};
		1AAFD7DD2B621E1500938F9B /* Debug */ = {
			isa = XCBuildConfiguration;
			buildSettings = {
				ASSETCATALOG_COMPILER_APPICON_NAME = AppIcon;
				ASSETCATALOG_COMPILER_GLOBAL_ACCENT_COLOR_NAME = AccentColor;
				CODE_SIGN_ENTITLEMENTS = foreagle/foreagle.entitlements;
				CODE_SIGN_STYLE = Automatic;
				CURRENT_PROJECT_VERSION = 1;
				DEVELOPMENT_ASSET_PATHS = "\"foreagle/Preview Content\"";
				DEVELOPMENT_TEAM = 5R6CF59GRY;
				ENABLE_HARDENED_RUNTIME = YES;
				ENABLE_PREVIEWS = YES;
				GENERATE_INFOPLIST_FILE = YES;
				"INFOPLIST_KEY_UIApplicationSceneManifest_Generation[sdk=iphoneos*]" = YES;
				"INFOPLIST_KEY_UIApplicationSceneManifest_Generation[sdk=iphonesimulator*]" = YES;
				"INFOPLIST_KEY_UIApplicationSupportsIndirectInputEvents[sdk=iphoneos*]" = YES;
				"INFOPLIST_KEY_UIApplicationSupportsIndirectInputEvents[sdk=iphonesimulator*]" = YES;
				"INFOPLIST_KEY_UILaunchScreen_Generation[sdk=iphoneos*]" = YES;
				"INFOPLIST_KEY_UILaunchScreen_Generation[sdk=iphonesimulator*]" = YES;
				"INFOPLIST_KEY_UIStatusBarStyle[sdk=iphoneos*]" = UIStatusBarStyleDefault;
				"INFOPLIST_KEY_UIStatusBarStyle[sdk=iphonesimulator*]" = UIStatusBarStyleDefault;
				INFOPLIST_KEY_UISupportedInterfaceOrientations_iPad = "UIInterfaceOrientationPortrait UIInterfaceOrientationPortraitUpsideDown UIInterfaceOrientationLandscapeLeft UIInterfaceOrientationLandscapeRight";
				INFOPLIST_KEY_UISupportedInterfaceOrientations_iPhone = "UIInterfaceOrientationPortrait UIInterfaceOrientationLandscapeLeft UIInterfaceOrientationLandscapeRight";
				IPHONEOS_DEPLOYMENT_TARGET = 17.2;
				LD_RUNPATH_SEARCH_PATHS = "@executable_path/Frameworks";
				"LD_RUNPATH_SEARCH_PATHS[sdk=macosx*]" = "@executable_path/../Frameworks";
				MACOSX_DEPLOYMENT_TARGET = 14.0;
				MARKETING_VERSION = 1.0;
				PRODUCT_BUNDLE_IDENTIFIER = com.portokali.foreagle;
				PRODUCT_NAME = "$(TARGET_NAME)";
				SDKROOT = auto;
				SUPPORTED_PLATFORMS = "iphoneos iphonesimulator macosx";
				SWIFT_EMIT_LOC_STRINGS = YES;
				SWIFT_VERSION = 5.0;
				TARGETED_DEVICE_FAMILY = "1,2";
			};
			name = Debug;
		};
		1AAFD7DE2B621E1500938F9B /* Release */ = {
			isa = XCBuildConfiguration;
			buildSettings = {
				ASSETCATALOG_COMPILER_APPICON_NAME = AppIcon;
				ASSETCATALOG_COMPILER_GLOBAL_ACCENT_COLOR_NAME = AccentColor;
				CODE_SIGN_ENTITLEMENTS = foreagle/foreagle.entitlements;
				CODE_SIGN_STYLE = Automatic;
				CURRENT_PROJECT_VERSION = 1;
				DEVELOPMENT_ASSET_PATHS = "\"foreagle/Preview Content\"";
				DEVELOPMENT_TEAM = 5R6CF59GRY;
				ENABLE_HARDENED_RUNTIME = YES;
				ENABLE_PREVIEWS = YES;
				GENERATE_INFOPLIST_FILE = YES;
				"INFOPLIST_KEY_UIApplicationSceneManifest_Generation[sdk=iphoneos*]" = YES;
				"INFOPLIST_KEY_UIApplicationSceneManifest_Generation[sdk=iphonesimulator*]" = YES;
				"INFOPLIST_KEY_UIApplicationSupportsIndirectInputEvents[sdk=iphoneos*]" = YES;
				"INFOPLIST_KEY_UIApplicationSupportsIndirectInputEvents[sdk=iphonesimulator*]" = YES;
				"INFOPLIST_KEY_UILaunchScreen_Generation[sdk=iphoneos*]" = YES;
				"INFOPLIST_KEY_UILaunchScreen_Generation[sdk=iphonesimulator*]" = YES;
				"INFOPLIST_KEY_UIStatusBarStyle[sdk=iphoneos*]" = UIStatusBarStyleDefault;
				"INFOPLIST_KEY_UIStatusBarStyle[sdk=iphonesimulator*]" = UIStatusBarStyleDefault;
				INFOPLIST_KEY_UISupportedInterfaceOrientations_iPad = "UIInterfaceOrientationPortrait UIInterfaceOrientationPortraitUpsideDown UIInterfaceOrientationLandscapeLeft UIInterfaceOrientationLandscapeRight";
				INFOPLIST_KEY_UISupportedInterfaceOrientations_iPhone = "UIInterfaceOrientationPortrait UIInterfaceOrientationLandscapeLeft UIInterfaceOrientationLandscapeRight";
				IPHONEOS_DEPLOYMENT_TARGET = 17.2;
				LD_RUNPATH_SEARCH_PATHS = "@executable_path/Frameworks";
				"LD_RUNPATH_SEARCH_PATHS[sdk=macosx*]" = "@executable_path/../Frameworks";
				MACOSX_DEPLOYMENT_TARGET = 14.0;
				MARKETING_VERSION = 1.0;
				PRODUCT_BUNDLE_IDENTIFIER = com.portokali.foreagle;
				PRODUCT_NAME = "$(TARGET_NAME)";
				SDKROOT = auto;
				SUPPORTED_PLATFORMS = "iphoneos iphonesimulator macosx";
				SWIFT_EMIT_LOC_STRINGS = YES;
				SWIFT_VERSION = 5.0;
				TARGETED_DEVICE_FAMILY = "1,2";
			};
			name = Release;
		};
		1AAFD7E02B621E1500938F9B /* Debug */ = {
			isa = XCBuildConfiguration;
			buildSettings = {
				ALWAYS_EMBED_SWIFT_STANDARD_LIBRARIES = YES;
				BUNDLE_LOADER = "$(TEST_HOST)";
				CODE_SIGN_STYLE = Automatic;
				CURRENT_PROJECT_VERSION = 1;
				DEVELOPMENT_TEAM = 5R6CF59GRY;
				GENERATE_INFOPLIST_FILE = YES;
				IPHONEOS_DEPLOYMENT_TARGET = 17.2;
				MACOSX_DEPLOYMENT_TARGET = 14.1;
				MARKETING_VERSION = 1.0;
				PRODUCT_BUNDLE_IDENTIFIER = com.portokali.foreagleTests;
				PRODUCT_NAME = "$(TARGET_NAME)";
				SDKROOT = auto;
				SUPPORTED_PLATFORMS = "iphoneos iphonesimulator macosx";
				SWIFT_EMIT_LOC_STRINGS = NO;
				SWIFT_VERSION = 5.0;
				TARGETED_DEVICE_FAMILY = "1,2";
				TEST_HOST = "$(BUILT_PRODUCTS_DIR)/foreagle.app/$(BUNDLE_EXECUTABLE_FOLDER_PATH)/foreagle";
			};
			name = Debug;
		};
		1AAFD7E12B621E1500938F9B /* Release */ = {
			isa = XCBuildConfiguration;
			buildSettings = {
				ALWAYS_EMBED_SWIFT_STANDARD_LIBRARIES = YES;
				BUNDLE_LOADER = "$(TEST_HOST)";
				CODE_SIGN_STYLE = Automatic;
				CURRENT_PROJECT_VERSION = 1;
				DEVELOPMENT_TEAM = 5R6CF59GRY;
				GENERATE_INFOPLIST_FILE = YES;
				IPHONEOS_DEPLOYMENT_TARGET = 17.2;
				MACOSX_DEPLOYMENT_TARGET = 14.1;
				MARKETING_VERSION = 1.0;
				PRODUCT_BUNDLE_IDENTIFIER = com.portokali.foreagleTests;
				PRODUCT_NAME = "$(TARGET_NAME)";
				SDKROOT = auto;
				SUPPORTED_PLATFORMS = "iphoneos iphonesimulator macosx";
				SWIFT_EMIT_LOC_STRINGS = NO;
				SWIFT_VERSION = 5.0;
				TARGETED_DEVICE_FAMILY = "1,2";
				TEST_HOST = "$(BUILT_PRODUCTS_DIR)/foreagle.app/$(BUNDLE_EXECUTABLE_FOLDER_PATH)/foreagle";
			};
			name = Release;
		};
		1AAFD7E32B621E1500938F9B /* Debug */ = {
			isa = XCBuildConfiguration;
			buildSettings = {
				ALWAYS_EMBED_SWIFT_STANDARD_LIBRARIES = YES;
				CODE_SIGN_STYLE = Automatic;
				CURRENT_PROJECT_VERSION = 1;
				DEVELOPMENT_TEAM = 5R6CF59GRY;
				GENERATE_INFOPLIST_FILE = YES;
				IPHONEOS_DEPLOYMENT_TARGET = 17.2;
				MACOSX_DEPLOYMENT_TARGET = 14.1;
				MARKETING_VERSION = 1.0;
				PRODUCT_BUNDLE_IDENTIFIER = com.portokali.foreagleUITests;
				PRODUCT_NAME = "$(TARGET_NAME)";
				SDKROOT = auto;
				SUPPORTED_PLATFORMS = "iphoneos iphonesimulator macosx";
				SWIFT_EMIT_LOC_STRINGS = NO;
				SWIFT_VERSION = 5.0;
				TARGETED_DEVICE_FAMILY = "1,2";
				TEST_TARGET_NAME = foreagle;
			};
			name = Debug;
		};
		1AAFD7E42B621E1500938F9B /* Release */ = {
			isa = XCBuildConfiguration;
			buildSettings = {
				ALWAYS_EMBED_SWIFT_STANDARD_LIBRARIES = YES;
				CODE_SIGN_STYLE = Automatic;
				CURRENT_PROJECT_VERSION = 1;
				DEVELOPMENT_TEAM = 5R6CF59GRY;
				GENERATE_INFOPLIST_FILE = YES;
				IPHONEOS_DEPLOYMENT_TARGET = 17.2;
				MACOSX_DEPLOYMENT_TARGET = 14.1;
				MARKETING_VERSION = 1.0;
				PRODUCT_BUNDLE_IDENTIFIER = com.portokali.foreagleUITests;
				PRODUCT_NAME = "$(TARGET_NAME)";
				SDKROOT = auto;
				SUPPORTED_PLATFORMS = "iphoneos iphonesimulator macosx";
				SWIFT_EMIT_LOC_STRINGS = NO;
				SWIFT_VERSION = 5.0;
				TARGETED_DEVICE_FAMILY = "1,2";
				TEST_TARGET_NAME = foreagle;
			};
			name = Release;
		};
/* End XCBuildConfiguration section */

/* Begin XCConfigurationList section */
		1AAFD7B02B621E1300938F9B /* Build configuration list for PBXProject "foreagle" */ = {
			isa = XCConfigurationList;
			buildConfigurations = (
				1AAFD7DA2B621E1500938F9B /* Debug */,
				1AAFD7DB2B621E1500938F9B /* Release */,
			);
			defaultConfigurationIsVisible = 0;
			defaultConfigurationName = Release;
		};
		1AAFD7DC2B621E1500938F9B /* Build configuration list for PBXNativeTarget "foreagle" */ = {
			isa = XCConfigurationList;
			buildConfigurations = (
				1AAFD7DD2B621E1500938F9B /* Debug */,
				1AAFD7DE2B621E1500938F9B /* Release */,
			);
			defaultConfigurationIsVisible = 0;
			defaultConfigurationName = Release;
		};
		1AAFD7DF2B621E1500938F9B /* Build configuration list for PBXNativeTarget "foreagleTests" */ = {
			isa = XCConfigurationList;
			buildConfigurations = (
				1AAFD7E02B621E1500938F9B /* Debug */,
				1AAFD7E12B621E1500938F9B /* Release */,
			);
			defaultConfigurationIsVisible = 0;
			defaultConfigurationName = Release;
		};
		1AAFD7E22B621E1500938F9B /* Build configuration list for PBXNativeTarget "foreagleUITests" */ = {
			isa = XCConfigurationList;
			buildConfigurations = (
				1AAFD7E32B621E1500938F9B /* Debug */,
				1AAFD7E42B621E1500938F9B /* Release */,
			);
			defaultConfigurationIsVisible = 0;
			defaultConfigurationName = Release;
		};
/* End XCConfigurationList section */
	};
	rootObject = 1AAFD7AD2B621E1300938F9B /* Project object */;
}
